{
  "version": 4,
  "terraform_version": "1.15.6",
  "serial": 6,
  "lineage": "5509755a-e784-4f2f-aa37-650b05da602c",
  "outputs": {},
  "resources": [
    {
      "mode": "data",
      "type": "openstack_networking_network_v2",
      "name": "external",
      "provider": "provider[\"registry.terraform.io/terraform-provider-openstack/openstack\"]",
      "instances": [
        {
          "schema_version": 0,
          "attributes": {
            "admin_state_up": "true",
            "all_tags": [],
            "availability_zone_hints": [],
            "description": "",
            "dns_domain": "",
            "external": true,
            "id": "847cf356-b19d-4d0e-870a-4925c89e259f",
            "matching_subnet_cidr": null,
            "mtu": 1500,
            "name": "public",
            "network_id": null,
            "region": "RegionOne",
            "segments": [
              {
                "network_type": "flat",
                "physical_network": "public",
                "segmentation_id": 0
              }
            ],
            "shared": "false",
            "status": null,
            "subnets": [
              "7c6148e2-b87f-443c-a874-f31b6c47166d",
              "ade573ee-95e6-47c9-9116-360f430587f8"
            ],
            "tags": null,
            "tenant_id": "24faa8ab65b548a5871efc6100b47665",
            "transparent_vlan": false
          },
          "sensitive_attributes": [],
          "identity_schema_version": 0
        }
      ]
    },
    {
      "mode": "managed",
      "type": "openstack_networking_network_v2",
      "name": "networktest",
      "provider": "provider[\"registry.terraform.io/terraform-provider-openstack/openstack\"]",
      "instances": [
        {
          "schema_version": 0,
          "attributes": {
            "admin_state_up": true,
            "all_tags": [],
            "availability_zone_hints": [],
            "description": "",
            "dns_domain": "",
            "external": false,
            "id": "195b74a5-8da6-4fc6-b021-dafd6f8cda1e",
            "mtu": 1442,
            "name": "testopenstack",
            "port_security_enabled": true,
            "qos_policy_id": "",
            "region": "RegionOne",
            "segments": [
              {
                "network_type": "geneve",
                "physical_network": "",
                "segmentation_id": 37703
              }
            ],
            "shared": false,
            "tags": null,
            "tenant_id": "24faa8ab65b548a5871efc6100b47665",
            "timeouts": null,
            "transparent_vlan": false,
            "value_specs": null
          },
          "sensitive_attributes": [],
          "identity_schema_version": 0,
          "private": "eyJlMmJmYjczMC1lY2FhLTExZTYtOGY4OC0zNDM2M2JjN2M0YzAiOnsiY3JlYXRlIjo2MDAwMDAwMDAwMDAsImRlbGV0ZSI6NjAwMDAwMDAwMDAwfX0="
        }
      ]
    },
    {
      "mode": "managed",
      "type": "openstack_networking_router_interface_v2",
      "name": "public_iface",
      "provider": "provider[\"registry.terraform.io/terraform-provider-openstack/openstack\"]",
      "instances": [
        {
          "schema_version": 0,
          "attributes": {
            "force_destroy": false,
            "id": "f33af6ba-851f-4974-ac42-fe5d22b09fb9",
            "port_id": "f33af6ba-851f-4974-ac42-fe5d22b09fb9",
            "region": "RegionOne",
            "router_id": "2ca7f978-4d1e-432c-89f0-3826377d505c",
            "subnet_id": "067454fa-46df-4652-b746-c3aa4fb3cbf8",
            "timeouts": null
          },
          "sensitive_attributes": [],
          "identity_schema_version": 0,
          "private": "eyJlMmJmYjczMC1lY2FhLTExZTYtOGY4OC0zNDM2M2JjN2M0YzAiOnsiY3JlYXRlIjo2MDAwMDAwMDAwMDAsImRlbGV0ZSI6NjAwMDAwMDAwMDAwfX0=",
          "dependencies": [
            "data.openstack_networking_network_v2.external",
            "openstack_networking_network_v2.networktest",
            "openstack_networking_router_v2.router",
            "openstack_networking_subnet_v2.public_subnet"
          ]
        }
      ]
    },
    {
      "mode": "managed",
      "type": "openstack_networking_router_v2",
      "name": "router",
      "provider": "provider[\"registry.terraform.io/terraform-provider-openstack/openstack\"]",
      "instances": [
        {
          "schema_version": 0,
          "attributes": {
            "admin_state_up": true,
            "all_tags": [],
            "availability_zone_hints": [],
            "description": "",
            "distributed": false,
            "enable_snat": true,
            "external_fixed_ip": [
              {
                "ip_address": "172.24.4.151",
                "subnet_id": "7c6148e2-b87f-443c-a874-f31b6c47166d"
              },
              {
                "ip_address": "2001:db8::c5",
                "subnet_id": "ade573ee-95e6-47c9-9116-360f430587f8"
              }
            ],
            "external_network_id": "847cf356-b19d-4d0e-870a-4925c89e259f",
            "external_qos_policy_id": null,
            "external_subnet_ids": null,
            "id": "2ca7f978-4d1e-432c-89f0-3826377d505c",
            "name": "test-router",
            "region": "RegionOne",
            "tags": null,
            "tenant_id": "24faa8ab65b548a5871efc6100b47665",
            "timeouts": null,
            "value_specs": null,
            "vendor_options": []
          },
          "sensitive_attributes": [],
          "identity_schema_version": 0,
          "private": "eyJlMmJmYjczMC1lY2FhLTExZTYtOGY4OC0zNDM2M2JjN2M0YzAiOnsiY3JlYXRlIjo2MDAwMDAwMDAwMDAsImRlbGV0ZSI6NjAwMDAwMDAwMDAwfX0=",
          "dependencies": [
            "data.openstack_networking_network_v2.external"
          ]
        }
      ]
    },
    {
      "mode": "managed",
      "type": "openstack_networking_subnet_v2",
      "name": "private_subnet",
      "provider": "provider[\"registry.terraform.io/terraform-provider-openstack/openstack\"]",
      "instances": [
        {
          "schema_version": 0,
          "attributes": {
            "all_tags": [],
            "allocation_pool": [
              {
                "end": "10.0.1.254",
                "start": "10.0.1.2"
              }
            ],
            "cidr": "10.0.1.0/24",
            "description": "",
            "dns_nameservers": null,
            "dns_publish_fixed_ip": false,
            "enable_dhcp": true,
            "gateway_ip": "10.0.1.1",
            "id": "2d655bf3-175f-4659-8cb2-aba79a4b0b70",
            "ip_version": 4,
            "ipv6_address_mode": "",
            "ipv6_ra_mode": "",
            "name": "private-subnet",
            "network_id": "195b74a5-8da6-4fc6-b021-dafd6f8cda1e",
            "no_gateway": false,
            "prefix_length": null,
            "region": "RegionOne",
            "segment_id": "",
            "service_types": [],
            "subnetpool_id": "",
            "tags": null,
            "tenant_id": "24faa8ab65b548a5871efc6100b47665",
            "timeouts": null,
            "value_specs": null
          },
          "sensitive_attributes": [],
          "identity_schema_version": 0,
          "private": "eyJlMmJmYjczMC1lY2FhLTExZTYtOGY4OC0zNDM2M2JjN2M0YzAiOnsiY3JlYXRlIjo2MDAwMDAwMDAwMDAsImRlbGV0ZSI6NjAwMDAwMDAwMDAwfX0=",
          "dependencies": [
            "openstack_networking_network_v2.networktest"
          ]
        }
      ]
    },
    {
      "mode": "managed",
      "type": "openstack_networking_subnet_v2",
      "name": "public_subnet",
      "provider": "provider[\"registry.terraform.io/terraform-provider-openstack/openstack\"]",
      "instances": [
        {
          "schema_version": 0,
          "attributes": {
            "all_tags": [],
            "allocation_pool": [
              {
                "end": "10.0.0.254",
                "start": "10.0.0.2"
              }
            ],
            "cidr": "10.0.0.0/24",
            "description": "",
            "dns_nameservers": null,
            "dns_publish_fixed_ip": false,
            "enable_dhcp": true,
            "gateway_ip": "10.0.0.1",
            "id": "067454fa-46df-4652-b746-c3aa4fb3cbf8",
            "ip_version": 4,
            "ipv6_address_mode": "",
            "ipv6_ra_mode": "",
            "name": "public-subnet",
            "network_id": "195b74a5-8da6-4fc6-b021-dafd6f8cda1e",
            "no_gateway": false,
            "prefix_length": null,
            "region": "RegionOne",
            "segment_id": "",
            "service_types": [],
            "subnetpool_id": "",
            "tags": null,
            "tenant_id": "24faa8ab65b548a5871efc6100b47665",
            "timeouts": null,
            "value_specs": null
          },
          "sensitive_attributes": [],
          "identity_schema_version": 0,
          "private": "eyJlMmJmYjczMC1lY2FhLTExZTYtOGY4OC0zNDM2M2JjN2M0YzAiOnsiY3JlYXRlIjo2MDAwMDAwMDAwMDAsImRlbGV0ZSI6NjAwMDAwMDAwMDAwfX0=",
          "dependencies": [
            "openstack_networking_network_v2.networktest"
          ]
        }
      ]
    }
  ],
  "check_results": null
}
